
Microsoft Visual Studio Solution File, Format Version 12.00
# Visual Studio Version 16
VisualStudioVersion = 16.0.30320.27
MinimumVisualStudioVersion = 10.0.40219.1
Project("{FAE04EC0-301F-11D3-BF4B-00C04F79EFBC}") = "A133590.Ejercicio43", "A133590.Ejercicio43.csproj", "{9E5ADC64-6D0F-4B3B-96EA-EB09CE67BD9B}"
EndProject
Global
	GlobalSection(SolutionConfigurationPlatforms) = preSolution
		Debug|Any CPU = Debug|Any CPU
		Release|Any CPU = Release|Any CPU
	EndGlobalSection
	GlobalSection(ProjectConfigurationPlatforms) = postSolution
		{9E5ADC64-6D0F-4B3B-96EA-EB09CE67BD9B}.Debug|Any CPU.ActiveCfg = Debug|Any CPU
		{9E5ADC64-6D0F-4B3B-96EA-EB09CE67BD9B}.Debug|Any CPU.Build.0 = Debug|Any CPU
		{9E5ADC64-6D0F-4B3B-96EA-EB09CE67BD9B}.Release|Any CPU.ActiveCfg = Release|Any CPU
		{9E5ADC64-6D0F-4B3B-96EA-EB09CE67BD9B}.Release|Any CPU.Build.0 = Release|Any CPU
	EndGlobalSection
	GlobalSection(SolutionProperties) = preSolution
		HideSolutionNode = FALSE
	EndGlobalSection
	GlobalSection(ExtensibilityGlobals) = postSolution
		SolutionGuid = {C6442F69-9A33-4E99-A6BB-09C5CD3A4547}
	EndGlobalSection
EndGlobal
